
Microsoft Visual Studio Solution File, Format Version 12.00
# Visual Studio Version 16
VisualStudioVersion = 16.0.29926.136
MinimumVisualStudioVersion = 10.0.40219.1
Project("{FAE04EC0-301F-11D3-BF4B-00C04F79EFBC}") = "AuxilioEmergencial", "AuxilioEmergencial\AuxilioEmergencial.csproj", "{EC620D5F-B006-4F28-A8A3-66BA67806CF3}"
EndProject
Global
	GlobalSection(SolutionConfigurationPlatforms) = preSolution
		Debug|Any CPU = Debug|Any CPU
		Release|Any CPU = Release|Any CPU
	EndGlobalSection
	GlobalSection(ProjectConfigurationPlatforms) = postSolution
		{EC620D5F-B006-4F28-A8A3-66BA67806CF3}.Debug|Any CPU.ActiveCfg = Debug|Any CPU
		{EC620D5F-B006-4F28-A8A3-66BA67806CF3}.Debug|Any CPU.Build.0 = Debug|Any CPU
		{EC620D5F-B006-4F28-A8A3-66BA67806CF3}.Release|Any CPU.ActiveCfg = Release|Any CPU
		{EC620D5F-B006-4F28-A8A3-66BA67806CF3}.Release|Any CPU.Build.0 = Release|Any CPU
	EndGlobalSection
	GlobalSection(SolutionProperties) = preSolution
		HideSolutionNode = FALSE
	EndGlobalSection
	GlobalSection(ExtensibilityGlobals) = postSolution
		SolutionGuid = {51DCF32A-02A2-465D-A850-FC9C1DC04725}
	EndGlobalSection
EndGlobal
